
Microsoft Visual Studio Solution File, Format Version 12.00
# Visual Studio 15
VisualStudioVersion = 15.0.27703.2042
MinimumVisualStudioVersion = 10.0.40219.1
Project("{9A19103F-16F7-4668-BE54-9A1E7A4F7556}") = "dotnetcementrefs", "dotnetcementrefs.csproj", "{B9AD250D-90EC-4CE9-B466-C1BC0374DFB5}"
EndProject
Project("{2150E333-8FDC-42A3-9474-1A3956D46DE8}") = "external", "external", "{6A51BC80-70C9-4C6B-B946-AC3A2F385499}"
	ProjectSection(SolutionItems) = preProject
		external\Cement.Vostok.Devtools.dll = external\Cement.Vostok.Devtools.dll
		external\Cement.Vostok.Devtools.pdb = external\Cement.Vostok.Devtools.pdb
	EndProjectSection
EndProject
Global
	GlobalSection(SolutionConfigurationPlatforms) = preSolution
		Debug|Any CPU = Debug|Any CPU
		Release|Any CPU = Release|Any CPU
	EndGlobalSection
	GlobalSection(ProjectConfigurationPlatforms) = postSolution
		{B9AD250D-90EC-4CE9-B466-C1BC0374DFB5}.Debug|Any CPU.ActiveCfg = Debug|Any CPU
		{B9AD250D-90EC-4CE9-B466-C1BC0374DFB5}.Debug|Any CPU.Build.0 = Debug|Any CPU
		{B9AD250D-90EC-4CE9-B466-C1BC0374DFB5}.Release|Any CPU.ActiveCfg = Release|Any CPU
		{B9AD250D-90EC-4CE9-B466-C1BC0374DFB5}.Release|Any CPU.Build.0 = Release|Any CPU
	EndGlobalSection
	GlobalSection(SolutionProperties) = preSolution
		HideSolutionNode = FALSE
	EndGlobalSection
	GlobalSection(ExtensibilityGlobals) = postSolution
		SolutionGuid = {1B415DEB-0A73-40A4-AF7C-00C600592DFF}
	EndGlobalSection
EndGlobal
